
Microsoft Visual Studio Solution File, Format Version 11.00
# Visual Studio 2010
Project("{FAE04EC0-301F-11D3-BF4B-00C04F79EFBC}") = "SGM_SaleGas", "SGM_SaleGas\SGM_SaleGas.csproj", "{F211F595-EE36-4576-8EA8-6912A4EC6AAA}"
EndProject
Project("{FAE04EC0-301F-11D3-BF4B-00C04F79EFBC}") = "SGM_Management", "SGM_Management\SGM_Management.csproj", "{7316AB0D-F802-4196-B966-593847BC03AD}"
EndProject
Project("{FAE04EC0-301F-11D3-BF4B-00C04F79EFBC}") = "SGM_DTO", "SGM_DTO\SGM_DTO.csproj", "{5ABD34AF-902B-408F-85B5-12E0F96E60CF}"
EndProject
Project("{FAE04EC0-301F-11D3-BF4B-00C04F79EFBC}") = "SGM_WaitingIdicator", "SGM_WaitingIdicator\SGM_WaitingIdicator.csproj", "{DD852908-1C4F-4725-B332-5E5BAB53E2F5}"
EndProject
Project("{FAE04EC0-301F-11D3-BF4B-00C04F79EFBC}") = "SGM_GasStoreUpdating", "SGM_GasStoreUpdating\SGM_GasStoreUpdating.csproj", "{3B0A9155-5E3A-401D-9A1D-8FD0B4AE06FA}"
EndProject
Global
	GlobalSection(SolutionConfigurationPlatforms) = preSolution
		Debug|Any CPU = Debug|Any CPU
		Debug|Mixed Platforms = Debug|Mixed Platforms
		Debug|x86 = Debug|x86
		Release|Any CPU = Release|Any CPU
		Release|Mixed Platforms = Release|Mixed Platforms
		Release|x86 = Release|x86
	EndGlobalSection
	GlobalSection(ProjectConfigurationPlatforms) = postSolution
		{F211F595-EE36-4576-8EA8-6912A4EC6AAA}.Debug|Any CPU.ActiveCfg = Debug|Any CPU
		{F211F595-EE36-4576-8EA8-6912A4EC6AAA}.Debug|Any CPU.Build.0 = Debug|Any CPU
		{F211F595-EE36-4576-8EA8-6912A4EC6AAA}.Debug|Mixed Platforms.ActiveCfg = Debug|Any CPU
		{F211F595-EE36-4576-8EA8-6912A4EC6AAA}.Debug|Mixed Platforms.Build.0 = Debug|Any CPU
		{F211F595-EE36-4576-8EA8-6912A4EC6AAA}.Debug|x86.ActiveCfg = Debug|Any CPU
		{F211F595-EE36-4576-8EA8-6912A4EC6AAA}.Release|Any CPU.ActiveCfg = Release|Any CPU
		{F211F595-EE36-4576-8EA8-6912A4EC6AAA}.Release|Any CPU.Build.0 = Release|Any CPU
		{F211F595-EE36-4576-8EA8-6912A4EC6AAA}.Release|Mixed Platforms.ActiveCfg = Release|Any CPU
		{F211F595-EE36-4576-8EA8-6912A4EC6AAA}.Release|Mixed Platforms.Build.0 = Release|Any CPU
		{F211F595-EE36-4576-8EA8-6912A4EC6AAA}.Release|x86.ActiveCfg = Release|Any CPU
		{7316AB0D-F802-4196-B966-593847BC03AD}.Debug|Any CPU.ActiveCfg = Debug|x86
		{7316AB0D-F802-4196-B966-593847BC03AD}.Debug|Any CPU.Build.0 = Debug|x86
		{7316AB0D-F802-4196-B966-593847BC03AD}.Debug|Mixed Platforms.ActiveCfg = Debug|x86
		{7316AB0D-F802-4196-B966-593847BC03AD}.Debug|Mixed Platforms.Build.0 = Debug|x86
		{7316AB0D-F802-4196-B966-593847BC03AD}.Debug|x86.ActiveCfg = Debug|x86
		{7316AB0D-F802-4196-B966-593847BC03AD}.Debug|x86.Build.0 = Debug|x86
		{7316AB0D-F802-4196-B966-593847BC03AD}.Release|Any CPU.ActiveCfg = Release|x86
		{7316AB0D-F802-4196-B966-593847BC03AD}.Release|Mixed Platforms.ActiveCfg = Release|x86
		{7316AB0D-F802-4196-B966-593847BC03AD}.Release|Mixed Platforms.Build.0 = Release|x86
		{7316AB0D-F802-4196-B966-593847BC03AD}.Release|x86.ActiveCfg = Release|x86
		{7316AB0D-F802-4196-B966-593847BC03AD}.Release|x86.Build.0 = Release|x86
		{5ABD34AF-902B-408F-85B5-12E0F96E60CF}.Debug|Any CPU.ActiveCfg = Debug|Any CPU
		{5ABD34AF-902B-408F-85B5-12E0F96E60CF}.Debug|Any CPU.Build.0 = Debug|Any CPU
		{5ABD34AF-902B-408F-85B5-12E0F96E60CF}.Debug|Mixed Platforms.ActiveCfg = Debug|Any CPU
		{5ABD34AF-902B-408F-85B5-12E0F96E60CF}.Debug|Mixed Platforms.Build.0 = Debug|Any CPU
		{5ABD34AF-902B-408F-85B5-12E0F96E60CF}.Debug|x86.ActiveCfg = Debug|Any CPU
		{5ABD34AF-902B-408F-85B5-12E0F96E60CF}.Release|Any CPU.ActiveCfg = Release|Any CPU
		{5ABD34AF-902B-408F-85B5-12E0F96E60CF}.Release|Any CPU.Build.0 = Release|Any CPU
		{5ABD34AF-902B-408F-85B5-12E0F96E60CF}.Release|Mixed Platforms.ActiveCfg = Release|Any CPU
		{5ABD34AF-902B-408F-85B5-12E0F96E60CF}.Release|Mixed Platforms.Build.0 = Release|Any CPU
		{5ABD34AF-902B-408F-85B5-12E0F96E60CF}.Release|x86.ActiveCfg = Release|Any CPU
		{DD852908-1C4F-4725-B332-5E5BAB53E2F5}.Debug|Any CPU.ActiveCfg = Debug|Any CPU
		{DD852908-1C4F-4725-B332-5E5BAB53E2F5}.Debug|Any CPU.Build.0 = Debug|Any CPU
		{DD852908-1C4F-4725-B332-5E5BAB53E2F5}.Debug|Mixed Platforms.ActiveCfg = Debug|Any CPU
		{DD852908-1C4F-4725-B332-5E5BAB53E2F5}.Debug|Mixed Platforms.Build.0 = Debug|Any CPU
		{DD852908-1C4F-4725-B332-5E5BAB53E2F5}.Debug|x86.ActiveCfg = Debug|Any CPU
		{DD852908-1C4F-4725-B332-5E5BAB53E2F5}.Release|Any CPU.ActiveCfg = Release|Any CPU
		{DD852908-1C4F-4725-B332-5E5BAB53E2F5}.Release|Any CPU.Build.0 = Release|Any CPU
		{DD852908-1C4F-4725-B332-5E5BAB53E2F5}.Release|Mixed Platforms.ActiveCfg = Release|Any CPU
		{DD852908-1C4F-4725-B332-5E5BAB53E2F5}.Release|Mixed Platforms.Build.0 = Release|Any CPU
		{DD852908-1C4F-4725-B332-5E5BAB53E2F5}.Release|x86.ActiveCfg = Release|Any CPU
		{3B0A9155-5E3A-401D-9A1D-8FD0B4AE06FA}.Debug|Any CPU.ActiveCfg = Debug|x86
		{3B0A9155-5E3A-401D-9A1D-8FD0B4AE06FA}.Debug|Mixed Platforms.ActiveCfg = Debug|x86
		{3B0A9155-5E3A-401D-9A1D-8FD0B4AE06FA}.Debug|Mixed Platforms.Build.0 = Debug|x86
		{3B0A9155-5E3A-401D-9A1D-8FD0B4AE06FA}.Debug|x86.ActiveCfg = Debug|x86
		{3B0A9155-5E3A-401D-9A1D-8FD0B4AE06FA}.Debug|x86.Build.0 = Debug|x86
		{3B0A9155-5E3A-401D-9A1D-8FD0B4AE06FA}.Release|Any CPU.ActiveCfg = Release|x86
		{3B0A9155-5E3A-401D-9A1D-8FD0B4AE06FA}.Release|Mixed Platforms.ActiveCfg = Release|x86
		{3B0A9155-5E3A-401D-9A1D-8FD0B4AE06FA}.Release|Mixed Platforms.Build.0 = Release|x86
		{3B0A9155-5E3A-401D-9A1D-8FD0B4AE06FA}.Release|x86.ActiveCfg = Release|x86
		{3B0A9155-5E3A-401D-9A1D-8FD0B4AE06FA}.Release|x86.Build.0 = Release|x86
	EndGlobalSection
	GlobalSection(SolutionProperties) = preSolution
		HideSolutionNode = FALSE
	EndGlobalSection
EndGlobal
